{
  "name": "bodzify-api-django",
  "version": "1.0.0",
  "lockfileVersion": 3,
  "requires": true,
  "packages": {
    "": {
      "name": "bodzify-api-django",
      "version": "1.0.0",
      "license": "ISC",
      "devDependencies": {
        "git-worktree-scripts": "1.3.0"
      }
    },
    "node_modules/git-worktree-scripts": {
      "version": "1.3.0",
      "resolved": "https://registry.npmjs.org/git-worktree-scripts/-/git-worktree-scripts-1.3.0.tgz",
      "integrity": "sha512-0l9h9WxMYhqoU5zFEioKCM3/HlNVqAtpARUBPLxrrLWuUm4FCuPKVbq0cyGhp2iJfui6hkjbjtiLXKcLoPYVBQ==",
      "dev": true,
      "license": "MIT",
      "bin": {
        "git-worktree": "bin/git-worktree",
        "git-worktree-create": "bin/create-worktree.sh",
        "git-worktree-open": "bin/open-worktree.sh",
        "git-worktree-remove": "bin/remove-worktree-interactive.sh",
        "git-worktree-remove-branch": "bin/remove-worktree-branch.sh"
      },
      "engines": {
        "node": ">=12.0.0"
      }
    }
  }
}
