{
  "name": "the-music-tree-api",
  "version": "1.0.0",
  "lockfileVersion": 3,
  "requires": true,
  "packages": {
    "": {
      "name": "the-music-tree-api",
      "version": "1.0.0",
      "license": "ISC",
      "devDependencies": {
        "git-worktree-scripts": "1.4.1"
      }
    },
    "node_modules/git-worktree-scripts": {
      "version": "1.4.1",
      "resolved": "https://registry.npmjs.org/git-worktree-scripts/-/git-worktree-scripts-1.4.1.tgz",
      "integrity": "sha512-STfVxiNN8KtOTkTYKN5zNiVtKEjOCT44IVb9S1AIQydKcHvZbT9xiJ3nKa0LjtTXnl9b/TUmKGjUqcKtUG0/7g==",
      "dev": true,
      "license": "MIT",
      "bin": {
        "git-worktree": "bin/git-worktree",
        "git-worktree-create": "bin/create-worktree.sh",
        "git-worktree-open": "bin/open-worktree.sh",
        "git-worktree-remove": "bin/remove-worktree-interactive.sh",
        "git-worktree-remove-branch": "bin/remove-worktree-branch.sh"
      },
      "engines": {
        "node": ">=12.0.0"
      }
    }
  }
}
